
Microsoft Visual Studio Solution File, Format Version 12.00
Project("{FAE04EC0-301F-11D3-BF4B-00C04F79EFBC}") = "OpenTel.Api", "OpenTel.Api\OpenTel.Api.csproj", "{08DC3DF3-D2BB-4802-BDC8-530E9955122A}"
EndProject
Project("{2150E333-8FDC-42A3-9474-1A3956D46DE8}") = "Solution Items", "Solution Items", "{90179391-2D7E-437E-8DD6-44C438B56663}"
	ProjectSection(SolutionItems) = preProject
		docker-compose.yml = docker-compose.yml
		prometheus.yml = prometheus.yml
		otel-collector\otel-collector-config.yml = otel-collector\otel-collector-config.yml
		grafana-datasources.yml = grafana-datasources.yml
	EndProjectSection
EndProject
Project("{FAE04EC0-301F-11D3-BF4B-00C04F79EFBC}") = "OpenTel.RabbitMQ", "OpenTel.RabbitMQ\OpenTel.RabbitMQ.csproj", "{679115A2-A36C-4A19-8131-CDC9B6A00CCA}"
EndProject
Project("{FAE04EC0-301F-11D3-BF4B-00C04F79EFBC}") = "OpenTel.Book.Contracts", "OpenTel.Book.Contracts\OpenTel.Book.Contracts.csproj", "{4EBBB7F2-0989-4713-910C-A18803E38032}"
EndProject
Project("{FAE04EC0-301F-11D3-BF4B-00C04F79EFBC}") = "OpenTel.Consumer", "OpenTel.Consumer\OpenTel.Consumer.csproj", "{17641C9A-BF1B-45C2-B0DD-E57C89ADB1D8}"
EndProject
Global
	GlobalSection(SolutionConfigurationPlatforms) = preSolution
		Debug|Any CPU = Debug|Any CPU
		Release|Any CPU = Release|Any CPU
	EndGlobalSection
	GlobalSection(ProjectConfigurationPlatforms) = postSolution
		{08DC3DF3-D2BB-4802-BDC8-530E9955122A}.Debug|Any CPU.ActiveCfg = Debug|Any CPU
		{08DC3DF3-D2BB-4802-BDC8-530E9955122A}.Debug|Any CPU.Build.0 = Debug|Any CPU
		{08DC3DF3-D2BB-4802-BDC8-530E9955122A}.Release|Any CPU.ActiveCfg = Release|Any CPU
		{08DC3DF3-D2BB-4802-BDC8-530E9955122A}.Release|Any CPU.Build.0 = Release|Any CPU
		{679115A2-A36C-4A19-8131-CDC9B6A00CCA}.Debug|Any CPU.ActiveCfg = Debug|Any CPU
		{679115A2-A36C-4A19-8131-CDC9B6A00CCA}.Debug|Any CPU.Build.0 = Debug|Any CPU
		{679115A2-A36C-4A19-8131-CDC9B6A00CCA}.Release|Any CPU.ActiveCfg = Release|Any CPU
		{679115A2-A36C-4A19-8131-CDC9B6A00CCA}.Release|Any CPU.Build.0 = Release|Any CPU
		{4EBBB7F2-0989-4713-910C-A18803E38032}.Debug|Any CPU.ActiveCfg = Debug|Any CPU
		{4EBBB7F2-0989-4713-910C-A18803E38032}.Debug|Any CPU.Build.0 = Debug|Any CPU
		{4EBBB7F2-0989-4713-910C-A18803E38032}.Release|Any CPU.ActiveCfg = Release|Any CPU
		{4EBBB7F2-0989-4713-910C-A18803E38032}.Release|Any CPU.Build.0 = Release|Any CPU
		{17641C9A-BF1B-45C2-B0DD-E57C89ADB1D8}.Debug|Any CPU.ActiveCfg = Debug|Any CPU
		{17641C9A-BF1B-45C2-B0DD-E57C89ADB1D8}.Debug|Any CPU.Build.0 = Debug|Any CPU
		{17641C9A-BF1B-45C2-B0DD-E57C89ADB1D8}.Release|Any CPU.ActiveCfg = Release|Any CPU
		{17641C9A-BF1B-45C2-B0DD-E57C89ADB1D8}.Release|Any CPU.Build.0 = Release|Any CPU
	EndGlobalSection
EndGlobal
